github.com/TechXTT/TORM v0.4.0-beta h1:DcsZhmegvD+rb+yjkyNBZXAI8ziSEpeykaejjl19m5Q=
github.com/TechXTT/TORM v0.4.0-beta/go.mod h1:4pzqPbeaW3yF4cuMc9xTr0CLNBskH9PdUg/DUxvJrs0=
github.com/google/uuid v1.6.0 h1:NIvaJDMOsjHA8n1jAhLSgzrAzy1Hgr+hNrb57e+94F0=
github.com/google/uuid v1.6.0/go.mod h1:TIyPZe4MgqvfeYDBFedMoGGpEw/LqOeaOT+nhxU+yHo=
github.com/lib/pq v1.10.9 h1:YXG7RB+JIjhP29X+OtkiDnYaXQwpS4JEWq7dtCCRUEw=
github.com/lib/pq v1.10.9/go.mod h1:AlVN5x4E4T544tWzH6hKfbfQvm3HdbOxrmggDNAPY9o=
